
Microsoft Visual Studio Solution File, Format Version 12.00
# Visual Studio Version 17
VisualStudioVersion = 17.11.35219.272
MinimumVisualStudioVersion = 10.0.40219.1
Project("{FAE04EC0-301F-11D3-BF4B-00C04F79EFBC}") = "Exercise 5", "Exercise 5.csproj", "{B045D416-C108-4AC6-AAF0-96CBF42E20B6}"
EndProject
Global
	GlobalSection(SolutionConfigurationPlatforms) = preSolution
		Debug|Any CPU = Debug|Any CPU
		Release|Any CPU = Release|Any CPU
	EndGlobalSection
	GlobalSection(ProjectConfigurationPlatforms) = postSolution
		{B045D416-C108-4AC6-AAF0-96CBF42E20B6}.Debug|Any CPU.ActiveCfg = Debug|Any CPU
		{B045D416-C108-4AC6-AAF0-96CBF42E20B6}.Debug|Any CPU.Build.0 = Debug|Any CPU
		{B045D416-C108-4AC6-AAF0-96CBF42E20B6}.Release|Any CPU.ActiveCfg = Release|Any CPU
		{B045D416-C108-4AC6-AAF0-96CBF42E20B6}.Release|Any CPU.Build.0 = Release|Any CPU
	EndGlobalSection
	GlobalSection(SolutionProperties) = preSolution
		HideSolutionNode = FALSE
	EndGlobalSection
	GlobalSection(ExtensibilityGlobals) = postSolution
		SolutionGuid = {3F5975D6-2FD6-4BD2-B684-7EB1959246B8}
	EndGlobalSection
EndGlobal
